
Microsoft Visual Studio Solution File, Format Version 12.00
# Visual Studio Version 16
VisualStudioVersion = 16.0.31702.278
MinimumVisualStudioVersion = 10.0.40219.1
Project("{8BC9CEB8-8B4A-11D0-8D11-00A0C91BC942}") = "Server", "FileMapping\FileMapping.vcxproj", "{8BEBA806-0FA7-4D7B-8406-E8A14FB0677B}"
EndProject
Project("{8BC9CEB8-8B4A-11D0-8D11-00A0C91BC942}") = "Client", "Client\Client.vcxproj", "{7A108EEC-92A4-466E-8CEF-420AD4DC7194}"
EndProject
Global
	GlobalSection(SolutionConfigurationPlatforms) = preSolution
		Debug|x64 = Debug|x64
		Debug|x86 = Debug|x86
		Release|x64 = Release|x64
		Release|x86 = Release|x86
	EndGlobalSection
	GlobalSection(ProjectConfigurationPlatforms) = postSolution
		{8BEBA806-0FA7-4D7B-8406-E8A14FB0677B}.Debug|x64.ActiveCfg = Debug|x64
		{8BEBA806-0FA7-4D7B-8406-E8A14FB0677B}.Debug|x64.Build.0 = Debug|x64
		{8BEBA806-0FA7-4D7B-8406-E8A14FB0677B}.Debug|x86.ActiveCfg = Debug|Win32
		{8BEBA806-0FA7-4D7B-8406-E8A14FB0677B}.Debug|x86.Build.0 = Debug|Win32
		{8BEBA806-0FA7-4D7B-8406-E8A14FB0677B}.Release|x64.ActiveCfg = Release|x64
		{8BEBA806-0FA7-4D7B-8406-E8A14FB0677B}.Release|x64.Build.0 = Release|x64
		{8BEBA806-0FA7-4D7B-8406-E8A14FB0677B}.Release|x86.ActiveCfg = Release|Win32
		{8BEBA806-0FA7-4D7B-8406-E8A14FB0677B}.Release|x86.Build.0 = Release|Win32
		{7A108EEC-92A4-466E-8CEF-420AD4DC7194}.Debug|x64.ActiveCfg = Debug|x64
		{7A108EEC-92A4-466E-8CEF-420AD4DC7194}.Debug|x64.Build.0 = Debug|x64
		{7A108EEC-92A4-466E-8CEF-420AD4DC7194}.Debug|x86.ActiveCfg = Debug|Win32
		{7A108EEC-92A4-466E-8CEF-420AD4DC7194}.Debug|x86.Build.0 = Debug|Win32
		{7A108EEC-92A4-466E-8CEF-420AD4DC7194}.Release|x64.ActiveCfg = Release|x64
		{7A108EEC-92A4-466E-8CEF-420AD4DC7194}.Release|x64.Build.0 = Release|x64
		{7A108EEC-92A4-466E-8CEF-420AD4DC7194}.Release|x86.ActiveCfg = Release|Win32
		{7A108EEC-92A4-466E-8CEF-420AD4DC7194}.Release|x86.Build.0 = Release|Win32
	EndGlobalSection
	GlobalSection(SolutionProperties) = preSolution
		HideSolutionNode = FALSE
	EndGlobalSection
	GlobalSection(ExtensibilityGlobals) = postSolution
		SolutionGuid = {36B17705-A291-4836-A6AF-1CCD6B8AFF50}
	EndGlobalSection
EndGlobal
